
Microsoft Visual Studio Solution File, Format Version 10.00
# Visual Studio 2008
Project("{EAF909A5-FA59-4C3D-9431-0FCC20D5BCF9}") = "orbs", "orbs\orbs.icproj", "{A406018C-9115-4FA6-9722-ED4E865006F8}"
EndProject
Global
	GlobalSection(SolutionConfigurationPlatforms) = preSolution
		Debug|Win32 = Debug|Win32
		Release|Win32 = Release|Win32
	EndGlobalSection
	GlobalSection(ProjectConfigurationPlatforms) = postSolution
		{A406018C-9115-4FA6-9722-ED4E865006F8}.Debug|Win32.ActiveCfg = Debug|Win32
		{A406018C-9115-4FA6-9722-ED4E865006F8}.Debug|Win32.Build.0 = Debug|Win32
		{A406018C-9115-4FA6-9722-ED4E865006F8}.Release|Win32.ActiveCfg = Release|Win32
		{A406018C-9115-4FA6-9722-ED4E865006F8}.Release|Win32.Build.0 = Release|Win32
		{ACAF026D-B8B7-4259-94CF-559BC58888D8}.Release|Win32.Build.0 = Release|Win32
		{ACAF026D-B8B7-4259-94CF-559BC58888D8}.Release|Win32.ActiveCfg = Release|Win32
		{ACAF026D-B8B7-4259-94CF-559BC58888D8}.Debug|Win32.Build.0 = Debug|Win32
		{ACAF026D-B8B7-4259-94CF-559BC58888D8}.Debug|Win32.ActiveCfg = Debug|Win32
	EndGlobalSection
	GlobalSection(SolutionProperties) = preSolution
		HideSolutionNode = FALSE
	EndGlobalSection
EndGlobal
